
Microsoft Visual Studio Solution File, Format Version 12.00
# Visual Studio Version 17
VisualStudioVersion = 17.4.33205.214
MinimumVisualStudioVersion = 10.0.40219.1
Project("{FAE04EC0-301F-11D3-BF4B-00C04F79EFBC}") = "TreeView", "TreeView\TreeView.csproj", "{46B071A8-FF63-4695-A288-A9561ED6DEEB}"
EndProject
Global
	GlobalSection(SolutionConfigurationPlatforms) = preSolution
		Debug|Any CPU = Debug|Any CPU
		Release|Any CPU = Release|Any CPU
	EndGlobalSection
	GlobalSection(ProjectConfigurationPlatforms) = postSolution
		{46B071A8-FF63-4695-A288-A9561ED6DEEB}.Debug|Any CPU.ActiveCfg = Debug|Any CPU
		{46B071A8-FF63-4695-A288-A9561ED6DEEB}.Debug|Any CPU.Build.0 = Debug|Any CPU
		{46B071A8-FF63-4695-A288-A9561ED6DEEB}.Release|Any CPU.ActiveCfg = Release|Any CPU
		{46B071A8-FF63-4695-A288-A9561ED6DEEB}.Release|Any CPU.Build.0 = Release|Any CPU
	EndGlobalSection
	GlobalSection(SolutionProperties) = preSolution
		HideSolutionNode = FALSE
	EndGlobalSection
	GlobalSection(ExtensibilityGlobals) = postSolution
		SolutionGuid = {18BC7168-2239-4FC2-82F6-5DDD076E98A7}
	EndGlobalSection
EndGlobal
